
Microsoft Visual Studio Solution File, Format Version 12.00
# Visual Studio Version 17
VisualStudioVersion = 17.0.31903.59
MinimumVisualStudioVersion = 10.0.40219.1
Project("{2150E333-8FDC-42A3-9474-1A3956D46DE8}") = "studioWeddingServer", "studioWeddingServer", "{2620B3A7-6786-326C-EDED-273C8B97B20F}"
EndProject
Project("{FAE04EC0-301F-11D3-BF4B-00C04F79EFBC}") = "StudioWeddingServer", "studioWeddingServer\StudioWeddingServer\StudioWeddingServer.csproj", "{EF1AA9B0-B498-47FC-9772-2AD8C32938EE}"
EndProject
Global
	GlobalSection(SolutionConfigurationPlatforms) = preSolution
		Debug|Any CPU = Debug|Any CPU
		Debug|x64 = Debug|x64
		Debug|x86 = Debug|x86
		Release|Any CPU = Release|Any CPU
		Release|x64 = Release|x64
		Release|x86 = Release|x86
	EndGlobalSection
	GlobalSection(ProjectConfigurationPlatforms) = postSolution
		{EF1AA9B0-B498-47FC-9772-2AD8C32938EE}.Debug|Any CPU.ActiveCfg = Debug|Any CPU
		{EF1AA9B0-B498-47FC-9772-2AD8C32938EE}.Debug|Any CPU.Build.0 = Debug|Any CPU
		{EF1AA9B0-B498-47FC-9772-2AD8C32938EE}.Debug|x64.ActiveCfg = Debug|Any CPU
		{EF1AA9B0-B498-47FC-9772-2AD8C32938EE}.Debug|x64.Build.0 = Debug|Any CPU
		{EF1AA9B0-B498-47FC-9772-2AD8C32938EE}.Debug|x86.ActiveCfg = Debug|Any CPU
		{EF1AA9B0-B498-47FC-9772-2AD8C32938EE}.Debug|x86.Build.0 = Debug|Any CPU
		{EF1AA9B0-B498-47FC-9772-2AD8C32938EE}.Release|Any CPU.ActiveCfg = Release|Any CPU
		{EF1AA9B0-B498-47FC-9772-2AD8C32938EE}.Release|Any CPU.Build.0 = Release|Any CPU
		{EF1AA9B0-B498-47FC-9772-2AD8C32938EE}.Release|x64.ActiveCfg = Release|Any CPU
		{EF1AA9B0-B498-47FC-9772-2AD8C32938EE}.Release|x64.Build.0 = Release|Any CPU
		{EF1AA9B0-B498-47FC-9772-2AD8C32938EE}.Release|x86.ActiveCfg = Release|Any CPU
		{EF1AA9B0-B498-47FC-9772-2AD8C32938EE}.Release|x86.Build.0 = Release|Any CPU
	EndGlobalSection
	GlobalSection(SolutionProperties) = preSolution
		HideSolutionNode = FALSE
	EndGlobalSection
	GlobalSection(NestedProjects) = preSolution
		{EF1AA9B0-B498-47FC-9772-2AD8C32938EE} = {2620B3A7-6786-326C-EDED-273C8B97B20F}
	EndGlobalSection
EndGlobal
